// !$*UTF8*$!
{
	archiveVersion = 1;
	classes = {
	};
	objectVersion = 50;
	objects = {

/* Begin PBXBuildFile section */
		9BC486A3A0577E1D7FBA7126 /* libPods-Requests.a in Frameworks */ = {isa = PBXBuildFile; fileRef = 09EC8CC6DC978663F59C9C27 /* libPods-Requests.a */; };
		AD44578F20A545C300D4A28E /* AppDelegate.m in Sources */ = {isa = PBXBuildFile; fileRef = AD44578E20A545C300D4A28E /* AppDelegate.m */; };
		AD44579220A545C400D4A28E /* ViewController.m in Sources */ = {isa = PBXBuildFile; fileRef = AD44579120A545C300D4A28E /* ViewController.m */; };
		AD44579720A545C600D4A28E /* Assets.xcassets in Resources */ = {isa = PBXBuildFile; fileRef = AD44579620A545C600D4A28E /* Assets.xcassets */; };
		AD44579A20A545C600D4A28E /* LaunchScreen.storyboard in Resources */ = {isa = PBXBuildFile; fileRef = AD44579820A545C600D4A28E /* LaunchScreen.storyboard */; };
		AD44579D20A545C600D4A28E /* main.m in Sources */ = {isa = PBXBuildFile; fileRef = AD44579C20A545C600D4A28E /* main.m */; };
		AD4457A520A545FC00D4A28E /* AFHTTPSessionManager+RACSignal.m in Sources */ = {isa = PBXBuildFile; fileRef = AD4457A420A545FB00D4A28E /* AFHTTPSessionManager+RACSignal.m */; };
		AD4457A820A5461200D4A28E /* Query.m in Sources */ = {isa = PBXBuildFile; fileRef = AD4457A620A5461100D4A28E /* Query.m */; };
/* End PBXBuildFile section */

/* Begin PBXFileReference section */
		09EC8CC6DC978663F59C9C27 /* libPods-Requests.a */ = {isa = PBXFileReference; explicitFileType = archive.ar; includeInIndex = 0; path = "libPods-Requests.a"; sourceTree = BUILT_PRODUCTS_DIR; };
		0F77AB8A32770391DAA9F2C4 /* Pods-Requests.debug.xcconfig */ = {isa = PBXFileReference; includeInIndex = 1; lastKnownFileType = text.xcconfig; name = "Pods-Requests.debug.xcconfig"; path = "Pods/Target Support Files/Pods-Requests/Pods-Requests.debug.xcconfig"; sourceTree = "<group>"; };
		AD44578A20A545C300D4A28E /* Requests.app */ = {isa = PBXFileReference; explicitFileType = wrapper.application; includeInIndex = 0; path = Requests.app; sourceTree = BUILT_PRODUCTS_DIR; };
		AD44578D20A545C300D4A28E /* AppDelegate.h */ = {isa = PBXFileReference; lastKnownFileType = sourcecode.c.h; path = AppDelegate.h; sourceTree = "<group>"; };
		AD44578E20A545C300D4A28E /* AppDelegate.m */ = {isa = PBXFileReference; lastKnownFileType = sourcecode.c.objc; path = AppDelegate.m; sourceTree = "<group>"; };
		AD44579020A545C300D4A28E /* ViewController.h */ = {isa = PBXFileReference; lastKnownFileType = sourcecode.c.h; path = ViewController.h; sourceTree = "<group>"; };
		AD44579120A545C300D4A28E /* ViewController.m */ = {isa = PBXFileReference; lastKnownFileType = sourcecode.c.objc; path = ViewController.m; sourceTree = "<group>"; };
		AD44579620A545C600D4A28E /* Assets.xcassets */ = {isa = PBXFileReference; lastKnownFileType = folder.assetcatalog; path = Assets.xcassets; sourceTree = "<group>"; };
		AD44579920A545C600D4A28E /* Base */ = {isa = PBXFileReference; lastKnownFileType = file.storyboard; name = Base; path = Base.lproj/LaunchScreen.storyboard; sourceTree = "<group>"; };
		AD44579B20A545C600D4A28E /* Info.plist */ = {isa = PBXFileReference; lastKnownFileType = text.plist.xml; path = Info.plist; sourceTree = "<group>"; };
		AD44579C20A545C600D4A28E /* main.m */ = {isa = PBXFileReference; lastKnownFileType = sourcecode.c.objc; path = main.m; sourceTree = "<group>"; };
		AD4457A320A545FB00D4A28E /* AFHTTPSessionManager+RACSignal.h */ = {isa = PBXFileReference; fileEncoding = 4; lastKnownFileType = sourcecode.c.h; path = "AFHTTPSessionManager+RACSignal.h"; sourceTree = "<group>"; };
		AD4457A420A545FB00D4A28E /* AFHTTPSessionManager+RACSignal.m */ = {isa = PBXFileReference; fileEncoding = 4; lastKnownFileType = sourcecode.c.objc; path = "AFHTTPSessionManager+RACSignal.m"; sourceTree = "<group>"; };
		AD4457A620A5461100D4A28E /* Query.m */ = {isa = PBXFileReference; fileEncoding = 4; lastKnownFileType = sourcecode.c.objc; path = Query.m; sourceTree = "<group>"; };
		AD4457A720A5461100D4A28E /* Query.h */ = {isa = PBXFileReference; fileEncoding = 4; lastKnownFileType = sourcecode.c.h; path = Query.h; sourceTree = "<group>"; };
		D3A66BD366C9D9D775A7C48F /* Pods-Requests.release.xcconfig */ = {isa = PBXFileReference; includeInIndex = 1; lastKnownFileType = text.xcconfig; name = "Pods-Requests.release.xcconfig"; path = "Pods/Target Support Files/Pods-Requests/Pods-Requests.release.xcconfig"; sourceTree = "<group>"; };
/* End PBXFileReference section */

/* Begin PBXFrameworksBuildPhase section */
		AD44578720A545C300D4A28E /* Frameworks */ = {
			isa = PBXFrameworksBuildPhase;
			buildActionMask = 2147483647;
			files = (
				9BC486A3A0577E1D7FBA7126 /* libPods-Requests.a in Frameworks */,
			);
			runOnlyForDeploymentPostprocessing = 0;
		};
/* End PBXFrameworksBuildPhase section */

/* Begin PBXGroup section */
		61D4DAE9C0311911E36959C3 /* Pods */ = {
			isa = PBXGroup;
			children = (
				0F77AB8A32770391DAA9F2C4 /* Pods-Requests.debug.xcconfig */,
				D3A66BD366C9D9D775A7C48F /* Pods-Requests.release.xcconfig */,
			);
			name = Pods;
			sourceTree = "<group>";
		};
		993F21852145F30EEAECCDAA /* Frameworks */ = {
			isa = PBXGroup;
			children = (
				09EC8CC6DC978663F59C9C27 /* libPods-Requests.a */,
			);
			name = Frameworks;
			sourceTree = "<group>";
		};
		AD44578120A545C300D4A28E = {
			isa = PBXGroup;
			children = (
				AD44578C20A545C300D4A28E /* Requests */,
				AD44578B20A545C300D4A28E /* Products */,
				61D4DAE9C0311911E36959C3 /* Pods */,
				993F21852145F30EEAECCDAA /* Frameworks */,
			);
			sourceTree = "<group>";
		};
		AD44578B20A545C300D4A28E /* Products */ = {
			isa = PBXGroup;
			children = (
				AD44578A20A545C300D4A28E /* Requests.app */,
			);
			name = Products;
			sourceTree = "<group>";
		};
		AD44578C20A545C300D4A28E /* Requests */ = {
			isa = PBXGroup;
			children = (
				AD4457A320A545FB00D4A28E /* AFHTTPSessionManager+RACSignal.h */,
				AD4457A420A545FB00D4A28E /* AFHTTPSessionManager+RACSignal.m */,
				AD4457A720A5461100D4A28E /* Query.h */,
				AD4457A620A5461100D4A28E /* Query.m */,
				AD44578D20A545C300D4A28E /* AppDelegate.h */,
				AD44578E20A545C300D4A28E /* AppDelegate.m */,
				AD44579020A545C300D4A28E /* ViewController.h */,
				AD44579120A545C300D4A28E /* ViewController.m */,
				AD44579620A545C600D4A28E /* Assets.xcassets */,
				AD44579820A545C600D4A28E /* LaunchScreen.storyboard */,
				AD44579B20A545C600D4A28E /* Info.plist */,
				AD44579C20A545C600D4A28E /* main.m */,
			);
			path = Requests;
			sourceTree = "<group>";
		};
/* End PBXGroup section */

/* Begin PBXNativeTarget section */
		AD44578920A545C300D4A28E /* Requests */ = {
			isa = PBXNativeTarget;
			buildConfigurationList = AD4457A020A545C600D4A28E /* Build configuration list for PBXNativeTarget "Requests" */;
			buildPhases = (
				34C06817CFC29409EB9D0398 /* [CP] Check Pods Manifest.lock */,
				AD44578620A545C300D4A28E /* Sources */,
				AD44578720A545C300D4A28E /* Frameworks */,
				AD44578820A545C300D4A28E /* Resources */,
				7C22541C5CE39D2153A0EE44 /* [CP] Embed Pods Frameworks */,
				136070AF93A8FF5D17C508C6 /* [CP] Copy Pods Resources */,
			);
			buildRules = (
			);
			dependencies = (
			);
			name = Requests;
			productName = Requests;
			productReference = AD44578A20A545C300D4A28E /* Requests.app */;
			productType = "com.apple.product-type.application";
		};
/* End PBXNativeTarget section */

/* Begin PBXProject section */
		AD44578220A545C300D4A28E /* Project object */ = {
			isa = PBXProject;
			attributes = {
				LastUpgradeCheck = 0930;
				ORGANIZATIONNAME = syang;
				TargetAttributes = {
					AD44578920A545C300D4A28E = {
						CreatedOnToolsVersion = 9.3.1;
					};
				};
			};
			buildConfigurationList = AD44578520A545C300D4A28E /* Build configuration list for PBXProject "Requests" */;
			compatibilityVersion = "Xcode 9.3";
			developmentRegion = en;
			hasScannedForEncodings = 0;
			knownRegions = (
				en,
				Base,
			);
			mainGroup = AD44578120A545C300D4A28E;
			productRefGroup = AD44578B20A545C300D4A28E /* Products */;
			projectDirPath = "";
			projectRoot = "";
			targets = (
				AD44578920A545C300D4A28E /* Requests */,
			);
		};
/* End PBXProject section */

/* Begin PBXResourcesBuildPhase section */
		AD44578820A545C300D4A28E /* Resources */ = {
			isa = PBXResourcesBuildPhase;
			buildActionMask = 2147483647;
			files = (
				AD44579A20A545C600D4A28E /* LaunchScreen.storyboard in Resources */,
				AD44579720A545C600D4A28E /* Assets.xcassets in Resources */,
			);
			runOnlyForDeploymentPostprocessing = 0;
		};
/* End PBXResourcesBuildPhase section */

/* Begin PBXShellScriptBuildPhase section */
		136070AF93A8FF5D17C508C6 /* [CP] Copy Pods Resources */ = {
			isa = PBXShellScriptBuildPhase;
			buildActionMask = 2147483647;
			files = (
			);
			inputPaths = (
			);
			name = "[CP] Copy Pods Resources";
			outputPaths = (
			);
			runOnlyForDeploymentPostprocessing = 0;
			shellPath = /bin/sh;
			shellScript = "\"${SRCROOT}/Pods/Target Support Files/Pods-Requests/Pods-Requests-resources.sh\"\n";
			showEnvVarsInLog = 0;
		};
		34C06817CFC29409EB9D0398 /* [CP] Check Pods Manifest.lock */ = {
			isa = PBXShellScriptBuildPhase;
			buildActionMask = 2147483647;
			files = (
			);
			inputPaths = (
				"${PODS_PODFILE_DIR_PATH}/Podfile.lock",
				"${PODS_ROOT}/Manifest.lock",
			);
			name = "[CP] Check Pods Manifest.lock";
			outputPaths = (
				"$(DERIVED_FILE_DIR)/Pods-Requests-checkManifestLockResult.txt",
			);
			runOnlyForDeploymentPostprocessing = 0;
			shellPath = /bin/sh;
			shellScript = "diff \"${PODS_PODFILE_DIR_PATH}/Podfile.lock\" \"${PODS_ROOT}/Manifest.lock\" > /dev/null\nif [ $? != 0 ] ; then\n    # print error to STDERR\n    echo \"error: The sandbox is not in sync with the Podfile.lock. Run 'pod install' or update your CocoaPods installation.\" >&2\n    exit 1\nfi\n# This output is used by Xcode 'outputs' to avoid re-running this script phase.\necho \"SUCCESS\" > \"${SCRIPT_OUTPUT_FILE_0}\"\n";
			showEnvVarsInLog = 0;
		};
		7C22541C5CE39D2153A0EE44 /* [CP] Embed Pods Frameworks */ = {
			isa = PBXShellScriptBuildPhase;
			buildActionMask = 2147483647;
			files = (
			);
			inputPaths = (
			);
			name = "[CP] Embed Pods Frameworks";
			outputPaths = (
			);
			runOnlyForDeploymentPostprocessing = 0;
			shellPath = /bin/sh;
			shellScript = "\"${SRCROOT}/Pods/Target Support Files/Pods-Requests/Pods-Requests-frameworks.sh\"\n";
			showEnvVarsInLog = 0;
		};
/* End PBXShellScriptBuildPhase section */

/* Begin PBXSourcesBuildPhase section */
		AD44578620A545C300D4A28E /* Sources */ = {
			isa = PBXSourcesBuildPhase;
			buildActionMask = 2147483647;
			files = (
				AD4457A520A545FC00D4A28E /* AFHTTPSessionManager+RACSignal.m in Sources */,
				AD44579220A545C400D4A28E /* ViewController.m in Sources */,
				AD44579D20A545C600D4A28E /* main.m in Sources */,
				AD4457A820A5461200D4A28E /* Query.m in Sources */,
				AD44578F20A545C300D4A28E /* AppDelegate.m in Sources */,
			);
			runOnlyForDeploymentPostprocessing = 0;
		};
/* End PBXSourcesBuildPhase section */

/* Begin PBXVariantGroup section */
		AD44579820A545C600D4A28E /* LaunchScreen.storyboard */ = {
			isa = PBXVariantGroup;
			children = (
				AD44579920A545C600D4A28E /* Base */,
			);
			name = LaunchScreen.storyboard;
			sourceTree = "<group>";
		};
/* End PBXVariantGroup section */

/* Begin XCBuildConfiguration section */
		AD44579E20A545C600D4A28E /* Debug */ = {
			isa = XCBuildConfiguration;
			buildSettings = {
				ALWAYS_SEARCH_USER_PATHS = NO;
				CLANG_ANALYZER_NONNULL = YES;
				CLANG_ANALYZER_NUMBER_OBJECT_CONVERSION = YES_AGGRESSIVE;
				CLANG_CXX_LANGUAGE_STANDARD = "gnu++14";
				CLANG_CXX_LIBRARY = "libc++";
				CLANG_ENABLE_MODULES = YES;
				CLANG_ENABLE_OBJC_ARC = YES;
				CLANG_ENABLE_OBJC_WEAK = YES;
				CLANG_WARN_BLOCK_CAPTURE_AUTORELEASING = YES;
				CLANG_WARN_BOOL_CONVERSION = YES;
				CLANG_WARN_COMMA = YES;
				CLANG_WARN_CONSTANT_CONVERSION = YES;
				CLANG_WARN_DEPRECATED_OBJC_IMPLEMENTATIONS = YES;
				CLANG_WARN_DIRECT_OBJC_ISA_USAGE = YES_ERROR;
				CLANG_WARN_DOCUMENTATION_COMMENTS = YES;
				CLANG_WARN_EMPTY_BODY = YES;
				CLANG_WARN_ENUM_CONVERSION = YES;
				CLANG_WARN_INFINITE_RECURSION = YES;
				CLANG_WARN_INT_CONVERSION = YES;
				CLANG_WARN_NON_LITERAL_NULL_CONVERSION = YES;
				CLANG_WARN_OBJC_IMPLICIT_RETAIN_SELF = YES;
				CLANG_WARN_OBJC_LITERAL_CONVERSION = YES;
				CLANG_WARN_OBJC_ROOT_CLASS = YES_ERROR;
				CLANG_WARN_RANGE_LOOP_ANALYSIS = YES;
				CLANG_WARN_STRICT_PROTOTYPES = YES;
				CLANG_WARN_SUSPICIOUS_MOVE = YES;
				CLANG_WARN_UNGUARDED_AVAILABILITY = YES_AGGRESSIVE;
				CLANG_WARN_UNREACHABLE_CODE = YES;
				CLANG_WARN__DUPLICATE_METHOD_MATCH = YES;
				CODE_SIGN_IDENTITY = "iPhone Developer";
				COPY_PHASE_STRIP = NO;
				DEBUG_INFORMATION_FORMAT = dwarf;
				ENABLE_STRICT_OBJC_MSGSEND = YES;
				ENABLE_TESTABILITY = YES;
				GCC_C_LANGUAGE_STANDARD = gnu11;
				GCC_DYNAMIC_NO_PIC = NO;
				GCC_NO_COMMON_BLOCKS = YES;
				GCC_OPTIMIZATION_LEVEL = 0;
				GCC_PREPROCESSOR_DEFINITIONS = (
					"DEBUG=1",
					"$(inherited)",
				);
				GCC_WARN_64_TO_32_BIT_CONVERSION = YES;
				GCC_WARN_ABOUT_RETURN_TYPE = YES_ERROR;
				GCC_WARN_UNDECLARED_SELECTOR = YES;
				GCC_WARN_UNINITIALIZED_AUTOS = YES_AGGRESSIVE;
				GCC_WARN_UNUSED_FUNCTION = YES;
				GCC_WARN_UNUSED_VARIABLE = YES;
				IPHONEOS_DEPLOYMENT_TARGET = 9.0;
				MTL_ENABLE_DEBUG_INFO = YES;
				ONLY_ACTIVE_ARCH = YES;
				SDKROOT = iphoneos;
			};
			name = Debug;
		};
		AD44579F20A545C600D4A28E /* Release */ = {
			isa = XCBuildConfiguration;
			buildSettings = {
				ALWAYS_SEARCH_USER_PATHS = NO;
				CLANG_ANALYZER_NONNULL = YES;
				CLANG_ANALYZER_NUMBER_OBJECT_CONVERSION = YES_AGGRESSIVE;
				CLANG_CXX_LANGUAGE_STANDARD = "gnu++14";
				CLANG_CXX_LIBRARY = "libc++";
				CLANG_ENABLE_MODULES = YES;
				CLANG_ENABLE_OBJC_ARC = YES;
				CLANG_ENABLE_OBJC_WEAK = YES;
				CLANG_WARN_BLOCK_CAPTURE_AUTORELEASING = YES;
				CLANG_WARN_BOOL_CONVERSION = YES;
				CLANG_WARN_COMMA = YES;
				CLANG_WARN_CONSTANT_CONVERSION = YES;
				CLANG_WARN_DEPRECATED_OBJC_IMPLEMENTATIONS = YES;
				CLANG_WARN_DIRECT_OBJC_ISA_USAGE = YES_ERROR;
				CLANG_WARN_DOCUMENTATION_COMMENTS = YES;
				CLANG_WARN_EMPTY_BODY = YES;
				CLANG_WARN_ENUM_CONVERSION = YES;
				CLANG_WARN_INFINITE_RECURSION = YES;
				CLANG_WARN_INT_CONVERSION = YES;
				CLANG_WARN_NON_LITERAL_NULL_CONVERSION = YES;
				CLANG_WARN_OBJC_IMPLICIT_RETAIN_SELF = YES;
				CLANG_WARN_OBJC_LITERAL_CONVERSION = YES;
				CLANG_WARN_OBJC_ROOT_CLASS = YES_ERROR;
				CLANG_WARN_RANGE_LOOP_ANALYSIS = YES;
				CLANG_WARN_STRICT_PROTOTYPES = YES;
				CLANG_WARN_SUSPICIOUS_MOVE = YES;
				CLANG_WARN_UNGUARDED_AVAILABILITY = YES_AGGRESSIVE;
				CLANG_WARN_UNREACHABLE_CODE = YES;
				CLANG_WARN__DUPLICATE_METHOD_MATCH = YES;
				CODE_SIGN_IDENTITY = "iPhone Developer";
				COPY_PHASE_STRIP = NO;
				DEBUG_INFORMATION_FORMAT = "dwarf-with-dsym";
				ENABLE_NS_ASSERTIONS = NO;
				ENABLE_STRICT_OBJC_MSGSEND = YES;
				GCC_C_LANGUAGE_STANDARD = gnu11;
				GCC_NO_COMMON_BLOCKS = YES;
				GCC_WARN_64_TO_32_BIT_CONVERSION = YES;
				GCC_WARN_ABOUT_RETURN_TYPE = YES_ERROR;
				GCC_WARN_UNDECLARED_SELECTOR = YES;
				GCC_WARN_UNINITIALIZED_AUTOS = YES_AGGRESSIVE;
				GCC_WARN_UNUSED_FUNCTION = YES;
				GCC_WARN_UNUSED_VARIABLE = YES;
				IPHONEOS_DEPLOYMENT_TARGET = 9.0;
				MTL_ENABLE_DEBUG_INFO = NO;
				SDKROOT = iphoneos;
				VALIDATE_PRODUCT = YES;
			};
			name = Release;
		};
		AD4457A120A545C600D4A28E /* Debug */ = {
			isa = XCBuildConfiguration;
			baseConfigurationReference = 0F77AB8A32770391DAA9F2C4 /* Pods-Requests.debug.xcconfig */;
			buildSettings = {
				ASSETCATALOG_COMPILER_APPICON_NAME = AppIcon;
				CODE_SIGN_STYLE = Automatic;
				INFOPLIST_FILE = Requests/Info.plist;
				LD_RUNPATH_SEARCH_PATHS = (
					"$(inherited)",
					"@executable_path/Frameworks",
				);
				PRODUCT_BUNDLE_IDENTIFIER = com.syang.Requests;
				PRODUCT_NAME = "$(TARGET_NAME)";
				TARGETED_DEVICE_FAMILY = "1,2";
			};
			name = Debug;
		};
		AD4457A220A545C600D4A28E /* Release */ = {
			isa = XCBuildConfiguration;
			baseConfigurationReference = D3A66BD366C9D9D775A7C48F /* Pods-Requests.release.xcconfig */;
			buildSettings = {
				ASSETCATALOG_COMPILER_APPICON_NAME = AppIcon;
				CODE_SIGN_STYLE = Automatic;
				INFOPLIST_FILE = Requests/Info.plist;
				LD_RUNPATH_SEARCH_PATHS = (
					"$(inherited)",
					"@executable_path/Frameworks",
				);
				PRODUCT_BUNDLE_IDENTIFIER = com.syang.Requests;
				PRODUCT_NAME = "$(TARGET_NAME)";
				TARGETED_DEVICE_FAMILY = "1,2";
			};
			name = Release;
		};
/* End XCBuildConfiguration section */

/* Begin XCConfigurationList section */
		AD44578520A545C300D4A28E /* Build configuration list for PBXProject "Requests" */ = {
			isa = XCConfigurationList;
			buildConfigurations = (
				AD44579E20A545C600D4A28E /* Debug */,
				AD44579F20A545C600D4A28E /* Release */,
			);
			defaultConfigurationIsVisible = 0;
			defaultConfigurationName = Release;
		};
		AD4457A020A545C600D4A28E /* Build configuration list for PBXNativeTarget "Requests" */ = {
			isa = XCConfigurationList;
			buildConfigurations = (
				AD4457A120A545C600D4A28E /* Debug */,
				AD4457A220A545C600D4A28E /* Release */,
			);
			defaultConfigurationIsVisible = 0;
			defaultConfigurationName = Release;
		};
/* End XCConfigurationList section */
	};
	rootObject = AD44578220A545C300D4A28E /* Project object */;
}
